version: 6
environments:
  default:
    channels:
    - url: https://conda.anaconda.org/conda-forge/
    indexes:
    - https://pypi.org/simple
    options:
      pypi-prerelease-mode: if-necessary-or-explicit
    packages:
      linux-aarch64:
      - conda: https://conda.anaconda.org/conda-forge/linux-aarch64/_openmp_mutex-4.5-2_gnu.tar.bz2
      - conda: https://conda.anaconda.org/conda-forge/linux-aarch64/bzip2-1.0.8-h4777abc_8.conda
      - conda: https://conda.anaconda.org/conda-forge/noarch/ca-certificates-2026.1.4-hbd8a1cb_0.conda
      - conda: https://conda.anaconda.org/conda-forge/linux-aarch64/icu-78.2-hb1525cb_0.conda
      - conda: https://conda.anaconda.org/conda-forge/linux-aarch64/ld_impl_linux-aarch64-2.45-default_h1979696_105.conda
      - conda: https://conda.anaconda.org/conda-forge/linux-aarch64/libexpat-2.7.3-hfae3067_0.conda
      - conda: https://conda.anaconda.org/conda-forge/linux-aarch64/libffi-3.5.2-hd65408f_0.conda
      - conda: https://conda.anaconda.org/conda-forge/linux-aarch64/libgcc-15.2.0-h8acb6b2_16.conda
      - conda: https://conda.anaconda.org/conda-forge/linux-aarch64/libgomp-15.2.0-h8acb6b2_16.conda
      - conda: https://conda.anaconda.org/conda-forge/linux-aarch64/liblzma-5.8.1-h86ecc28_2.conda
      - conda: https://conda.anaconda.org/conda-forge/linux-aarch64/libmpdec-4.0.0-h86ecc28_0.conda
      - conda: https://conda.anaconda.org/conda-forge/linux-aarch64/libsqlite-3.51.2-h10b116e_0.conda
      - conda: https://conda.anaconda.org/conda-forge/linux-aarch64/libstdcxx-15.2.0-hef695bb_16.conda
      - conda: https://conda.anaconda.org/conda-forge/linux-aarch64/libuuid-2.41.3-h1022ec0_0.conda
      - conda: https://conda.anaconda.org/conda-forge/linux-aarch64/libzlib-1.3.1-h86ecc28_2.conda
      - conda: https://conda.anaconda.org/conda-forge/linux-aarch64/ncurses-6.5-ha32ae93_3.conda
      - conda: https://conda.anaconda.org/conda-forge/linux-aarch64/openssl-3.6.0-h8e36d6e_0.conda
      - conda: https://conda.anaconda.org/conda-forge/linux-aarch64/python-3.14.2-hb06a95a_100_cp314.conda
      - conda: https://conda.anaconda.org/conda-forge/noarch/python_abi-3.14-8_cp314.conda
      - conda: https://conda.anaconda.org/conda-forge/linux-aarch64/readline-8.3-hb682ff5_0.conda
      - conda: https://conda.anaconda.org/conda-forge/linux-aarch64/tk-8.6.13-noxft_h561c983_103.conda
      - conda: https://conda.anaconda.org/conda-forge/noarch/tzdata-2025c-hc9c84f9_1.conda
      - conda: https://conda.anaconda.org/conda-forge/linux-aarch64/zstd-1.5.7-h85ac4a6_6.conda
      - pypi: https://files.pythonhosted.org/packages/0f/15/5bf3b99495fb160b63f95972b81750f18f7f4e02ad051373b669d17d44f2/aiohappyeyeballs-2.6.1-py3-none-any.whl
      - pypi: https://files.pythonhosted.org/packages/54/d4/438efabdf74e30aeceb890c3290bbaa449780583b1270b00661126b8aae4/aiohttp-3.13.3-cp314-cp314-manylinux2014_aarch64.manylinux_2_17_aarch64.manylinux_2_28_aarch64.whl
      - pypi: https://files.pythonhosted.org/packages/fb/76/641ae371508676492379f16e2fa48f4e2c11741bd63c48be4b12a6b09cba/aiosignal-1.4.0-py3-none-any.whl
      - pypi: https://files.pythonhosted.org/packages/f5/10/6c25ed6de94c49f88a91fa5018cb4c0f3625f31d5be9f771ebe5cc7cd506/aiosqlite-0.21.0-py3-none-any.whl
      - pypi: https://files.pythonhosted.org/packages/3a/2a/7cc015f5b9f5db42b7d48157e23356022889fc354a2813c15934b7cb5c0e/attrs-25.4.0-py3-none-any.whl
      - pypi: https://files.pythonhosted.org/packages/c2/d4/94ea83b6bcfb2dbf95c96da3c3437ee4beed1189984817f8c86dc82d1151/bellows-0.49.0-py3-none-any.whl
      - pypi: https://files.pythonhosted.org/packages/d6/43/0e822876f87ea8a4ef95442c3d766a06a51fc5298823f884ef87aaad168c/cffi-2.0.0-cp314-cp314-manylinux2014_aarch64.manylinux_2_17_aarch64.whl
      - pypi: https://files.pythonhosted.org/packages/98/78/01c019cdb5d6498122777c1a43056ebb3ebfeef2076d9d026bfe15583b2b/click-8.3.1-py3-none-any.whl
      - pypi: https://files.pythonhosted.org/packages/ae/5a/4f025bc751087833686892e17e7564828e409c43b632878afeae554870cd/click_log-0.4.0-py2.py3-none-any.whl
      - pypi: https://files.pythonhosted.org/packages/a7/06/3d6badcf13db419e25b07041d9c7b4a2c331d3f4e7134445ec5df57714cd/coloredlogs-15.0.1-py2.py3-none-any.whl
      - pypi: https://files.pythonhosted.org/packages/df/ff/5ebeae9b53e8cddd9e6f3b6b0c98da3f112d9a7e1ea638a00876aa8fb5b4/crc-7.1.0-py3-none-any.whl
      - pypi: https://files.pythonhosted.org/packages/01/b5/68a9054be852e61f31de1be4e8d95802646b93344ce17c2380a1748706fa/crccheck-1.3.1-py3-none-any.whl
      - pypi: https://files.pythonhosted.org/packages/4b/0a/863a3604112174c8624a2ac3c038662d9e59970c7f926acdcfaed8d61142/cryptography-46.0.3-cp311-abi3-manylinux_2_28_aarch64.whl
      - pypi: https://files.pythonhosted.org/packages/38/74/f94141b38a51a553efef7f510fc213894161ae49b88bffd037f8d2a7cb2f/frozendict-2.4.7-py3-none-any.whl
      - pypi: https://files.pythonhosted.org/packages/3a/3b/d9b1e0b0eed36e70477ffb8360c49c85c8ca8ef9700a4e6711f39a6e8b45/frozenlist-1.8.0-cp314-cp314-manylinux2014_aarch64.manylinux_2_17_aarch64.manylinux_2_28_aarch64.whl
      - pypi: https://files.pythonhosted.org/packages/23/08/cb17d4c4876954ffc3560e8fbe71528d46deda0f1d6e2c1a65824a6073e4/gpiod-2.4.0-cp314-cp314-manylinux2014_aarch64.manylinux_2_17_aarch64.manylinux_2_28_aarch64.whl
      - pypi: https://files.pythonhosted.org/packages/f0/0f/310fb31e39e2d734ccaa2c0fb981ee41f7bd5056ce9bc29b2248bd569169/humanfriendly-10.0-py2.py3-none-any.whl
      - pypi: https://files.pythonhosted.org/packages/0e/61/66938bbb5fc52dbdf84594873d5b51fb1f7c7794e9c0f5bd885f30bc507b/idna-3.11-py3-none-any.whl
      - pypi: https://files.pythonhosted.org/packages/69/90/f63fb5873511e014207a475e2bb4e8b2e570d655b00ac19a9a0ca0a385ee/jsonschema-4.26.0-py3-none-any.whl
      - pypi: https://files.pythonhosted.org/packages/41/45/1a4ed80516f02155c51f51e8cedb3c1902296743db0bbc66608a0db2814f/jsonschema_specifications-2025.9.1-py3-none-any.whl
      - pypi: https://files.pythonhosted.org/packages/15/ee/f524093232007cd7a75c1d132df70f235cfd590a7c9eaccd7ff422ef4ae8/multidict-6.7.0-cp314-cp314-manylinux2014_aarch64.manylinux_2_17_aarch64.manylinux_2_28_aarch64.whl
      - pypi: https://files.pythonhosted.org/packages/86/bd/47816020d337f4a746edc42fe8d53669965138f39ee117414c7d7a340cfe/propcache-0.4.1-cp314-cp314-manylinux2014_aarch64.manylinux_2_17_aarch64.manylinux_2_28_aarch64.whl
      - pypi: https://files.pythonhosted.org/packages/a0/e3/59cd50310fc9b59512193629e1984c1f95e5c8ae6e5d8c69532ccc65a7fe/pycparser-2.23-py3-none-any.whl
      - pypi: https://files.pythonhosted.org/packages/07/bc/587a445451b253b285629263eb51c2d8e9bcea4fc97826266d186f96f558/pyserial-3.5-py2.py3-none-any.whl
      - pypi: https://files.pythonhosted.org/packages/1b/19/f76987bad313bb2dabf21914c1ec7441a1e846f05764f9948f1ccc2640a8/pyserial_asyncio_fast-0.16-py3-none-any.whl
      - pypi: https://files.pythonhosted.org/packages/2c/58/ca301544e1fa93ed4f80d724bf5b194f6e4b945841c5bfd555878eea9fcb/referencing-0.37.0-py3-none-any.whl
      - pypi: https://files.pythonhosted.org/packages/bf/c4/76eb0e1e72d1a9c4703c69607cec123c29028bff28ce41588792417098ac/rpds_py-0.30.0-cp314-cp314-manylinux_2_17_aarch64.manylinux2014_aarch64.whl
      - pypi: https://files.pythonhosted.org/packages/18/67/36e9267722cc04a6b9f15c7f3441c2363321a3ea07da7ae0c0707beb2a9c/typing_extensions-4.15.0-py3-none-any.whl
      - pypi: https://files.pythonhosted.org/packages/30/ef/954f231bce97f1c0f574d11447f621c6a810f784752d0896ae600b5b33c3/universal_silabs_flasher-0.1.3-py3-none-any.whl
      - pypi: https://files.pythonhosted.org/packages/d1/00/0e0da784245c93cf346150ab67634177bf277f93b7a162bb56c928c39c04/voluptuous-0.16.0-py3-none-any.whl
      - pypi: https://files.pythonhosted.org/packages/a7/bc/315a56aca762d44a6aaaf7ad253f04d996cb6b27bad34410f82d76ea8038/yarl-1.22.0-cp314-cp314-manylinux2014_aarch64.manylinux_2_17_aarch64.manylinux_2_28_aarch64.whl
      - pypi: https://files.pythonhosted.org/packages/52/50/31268e076169ce2945759e2db50972ff7ab9be1494db6c3c76fc45fef656/zigpy-0.90.0-py3-none-any.whl
packages:
- conda: https://conda.anaconda.org/conda-forge/linux-aarch64/_openmp_mutex-4.5-2_gnu.tar.bz2
  build_number: 16
  sha256: 3702bef2f0a4d38bd8288bbe54aace623602a1343c2cfbefd3fa188e015bebf0
  md5: 6168d71addc746e8f2b8d57dfd2edcea
  depends:
  - libgomp >=7.5.0
  constrains:
  - openmp_impl 9999
  license: BSD-3-Clause
  license_family: BSD
  purls: []
  size: 23712
  timestamp: 1650670790230
- pypi: https://files.pythonhosted.org/packages/0f/15/5bf3b99495fb160b63f95972b81750f18f7f4e02ad051373b669d17d44f2/aiohappyeyeballs-2.6.1-py3-none-any.whl
  name: aiohappyeyeballs
  version: 2.6.1
  sha256: f349ba8f4b75cb25c99c5c2d84e997e485204d2902a9597802b0371f09331fb8
  requires_python: '>=3.9'
- pypi: https://files.pythonhosted.org/packages/54/d4/438efabdf74e30aeceb890c3290bbaa449780583b1270b00661126b8aae4/aiohttp-3.13.3-cp314-cp314-manylinux2014_aarch64.manylinux_2_17_aarch64.manylinux_2_28_aarch64.whl
  name: aiohttp
  version: 3.13.3
  sha256: 48e377758516d262bde50c2584fc6c578af272559c409eecbdd2bae1601184d6
  requires_dist:
  - aiohappyeyeballs>=2.5.0
  - aiosignal>=1.4.0
  - async-timeout>=4.0,<6.0 ; python_full_version < '3.11'
  - attrs>=17.3.0
  - frozenlist>=1.1.1
  - multidict>=4.5,<7.0
  - propcache>=0.2.0
  - yarl>=1.17.0,<2.0
  - aiodns>=3.3.0 ; extra == 'speedups'
  - brotli>=1.2 ; platform_python_implementation == 'CPython' and extra == 'speedups'
  - brotlicffi>=1.2 ; platform_python_implementation != 'CPython' and extra == 'speedups'
  - backports-zstd ; python_full_version < '3.14' and platform_python_implementation == 'CPython' and extra == 'speedups'
  requires_python: '>=3.9'
- pypi: https://files.pythonhosted.org/packages/fb/76/641ae371508676492379f16e2fa48f4e2c11741bd63c48be4b12a6b09cba/aiosignal-1.4.0-py3-none-any.whl
  name: aiosignal
  version: 1.4.0
  sha256: 053243f8b92b990551949e63930a839ff0cf0b0ebbe0597b0f3fb19e1a0fe82e
  requires_dist:
  - frozenlist>=1.1.0
  - typing-extensions>=4.2 ; python_full_version < '3.13'
  requires_python: '>=3.9'
- pypi: https://files.pythonhosted.org/packages/f5/10/6c25ed6de94c49f88a91fa5018cb4c0f3625f31d5be9f771ebe5cc7cd506/aiosqlite-0.21.0-py3-none-any.whl
  name: aiosqlite
  version: 0.21.0
  sha256: 2549cf4057f95f53dcba16f2b64e8e2791d7e1adedb13197dd8ed77bb226d7d0
  requires_dist:
  - typing-extensions>=4.0
  - attribution==1.7.1 ; extra == 'dev'
  - black==24.3.0 ; extra == 'dev'
  - build>=1.2 ; extra == 'dev'
  - coverage[toml]==7.6.10 ; extra == 'dev'
  - flake8==7.0.0 ; extra == 'dev'
  - flake8-bugbear==24.12.12 ; extra == 'dev'
  - flit==3.10.1 ; extra == 'dev'
  - mypy==1.14.1 ; extra == 'dev'
  - ufmt==2.5.1 ; extra == 'dev'
  - usort==1.0.8.post1 ; extra == 'dev'
  - sphinx==8.1.3 ; extra == 'docs'
  - sphinx-mdinclude==0.6.1 ; extra == 'docs'
  requires_python: '>=3.9'
- pypi: https://files.pythonhosted.org/packages/3a/2a/7cc015f5b9f5db42b7d48157e23356022889fc354a2813c15934b7cb5c0e/attrs-25.4.0-py3-none-any.whl
  name: attrs
  version: 25.4.0
  sha256: adcf7e2a1fb3b36ac48d97835bb6d8ade15b8dcce26aba8bf1d14847b57a3373
  requires_python: '>=3.9'
- pypi: https://files.pythonhosted.org/packages/c2/d4/94ea83b6bcfb2dbf95c96da3c3437ee4beed1189984817f8c86dc82d1151/bellows-0.49.0-py3-none-any.whl
  name: bellows
  version: 0.49.0
  sha256: 4877c90fbde314bb4165593f8e56f40472b50dcb11b9e2d51a7e9f18e38aecc5
  requires_dist:
  - click
  - click-log>=0.2.1
  - voluptuous
  - zigpy>=0.87.0
  - pytest>=7.1.2 ; extra == 'testing'
  - pytest-asyncio>=0.19.0 ; extra == 'testing'
  - pytest-timeout>=2.1.0 ; extra == 'testing'
  - pytest-mock>=3.8.2 ; extra == 'testing'
  - pytest-cov>=3.0.0 ; extra == 'testing'
  requires_python: '>=3.11'
- conda: https://conda.anaconda.org/conda-forge/linux-aarch64/bzip2-1.0.8-h4777abc_8.conda
  sha256: d2a296aa0b5f38ed9c264def6cf775c0ccb0f110ae156fcde322f3eccebf2e01
  md5: 2921ac0b541bf37c69e66bd6d9a43bca
  depends:
  - libgcc >=14
  license: bzip2-1.0.6
  license_family: BSD
  purls: []
  size: 192536
  timestamp: 1757437302703
- conda: https://conda.anaconda.org/conda-forge/noarch/ca-certificates-2026.1.4-hbd8a1cb_0.conda
  sha256: b5974ec9b50e3c514a382335efa81ed02b05906849827a34061c496f4defa0b2
  md5: bddacf101bb4dd0e51811cb69c7790e2
  depends:
  - __unix
  license: ISC
  purls: []
  size: 146519
  timestamp: 1767500828366
- pypi: https://files.pythonhosted.org/packages/d6/43/0e822876f87ea8a4ef95442c3d766a06a51fc5298823f884ef87aaad168c/cffi-2.0.0-cp314-cp314-manylinux2014_aarch64.manylinux_2_17_aarch64.whl
  name: cffi
  version: 2.0.0
  sha256: 24b6f81f1983e6df8db3adc38562c83f7d4a0c36162885ec7f7b77c7dcbec97b
  requires_dist:
  - pycparser ; implementation_name != 'PyPy'
  requires_python: '>=3.9'
- pypi: https://files.pythonhosted.org/packages/98/78/01c019cdb5d6498122777c1a43056ebb3ebfeef2076d9d026bfe15583b2b/click-8.3.1-py3-none-any.whl
  name: click
  version: 8.3.1
  sha256: 981153a64e25f12d547d3426c367a4857371575ee7ad18df2a6183ab0545b2a6
  requires_dist:
  - colorama ; sys_platform == 'win32'
  requires_python: '>=3.10'
- pypi: https://files.pythonhosted.org/packages/ae/5a/4f025bc751087833686892e17e7564828e409c43b632878afeae554870cd/click_log-0.4.0-py2.py3-none-any.whl
  name: click-log
  version: 0.4.0
  sha256: a43e394b528d52112af599f2fc9e4b7cf3c15f94e53581f74fa6867e68c91756
  requires_dist:
  - click
- pypi: https://files.pythonhosted.org/packages/a7/06/3d6badcf13db419e25b07041d9c7b4a2c331d3f4e7134445ec5df57714cd/coloredlogs-15.0.1-py2.py3-none-any.whl
  name: coloredlogs
  version: 15.0.1
  sha256: 612ee75c546f53e92e70049c9dbfcc18c935a2b9a53b66085ce9ef6a6e5c0934
  requires_dist:
  - humanfriendly>=9.1
  - capturer>=2.4 ; extra == 'cron'
  requires_python: '>=2.7,!=3.0.*,!=3.1.*,!=3.2.*,!=3.3.*,!=3.4.*'
- pypi: https://files.pythonhosted.org/packages/df/ff/5ebeae9b53e8cddd9e6f3b6b0c98da3f112d9a7e1ea638a00876aa8fb5b4/crc-7.1.0-py3-none-any.whl
  name: crc
  version: 7.1.0
  sha256: b9845c81d0b900d8fda1aae7af977035bee0359c279713814e9fd23a2d59db6a
  requires_python: '>=3.8,<4.0'
- pypi: https://files.pythonhosted.org/packages/01/b5/68a9054be852e61f31de1be4e8d95802646b93344ce17c2380a1748706fa/crccheck-1.3.1-py3-none-any.whl
  name: crccheck
  version: 1.3.1
  sha256: 1680c9a7bb1ca4bec45fa19b8ca64319f10d2ce4eb8b0d25d51cb99a20ca0108
- pypi: https://files.pythonhosted.org/packages/4b/0a/863a3604112174c8624a2ac3c038662d9e59970c7f926acdcfaed8d61142/cryptography-46.0.3-cp311-abi3-manylinux_2_28_aarch64.whl
  name: cryptography
  version: 46.0.3
  sha256: 6eae65d4c3d33da080cff9c4ab1f711b15c1d9760809dad6ea763f3812d254cb
  requires_dist:
  - cffi>=1.14 ; python_full_version == '3.8.*' and platform_python_implementation != 'PyPy'
  - cffi>=2.0.0 ; python_full_version >= '3.9' and platform_python_implementation != 'PyPy'
  - typing-extensions>=4.13.2 ; python_full_version < '3.11'
  - bcrypt>=3.1.5 ; extra == 'ssh'
  - nox[uv]>=2024.4.15 ; extra == 'nox'
  - cryptography-vectors==46.0.3 ; extra == 'test'
  - pytest>=7.4.0 ; extra == 'test'
  - pytest-benchmark>=4.0 ; extra == 'test'
  - pytest-cov>=2.10.1 ; extra == 'test'
  - pytest-xdist>=3.5.0 ; extra == 'test'
  - pretend>=0.7 ; extra == 'test'
  - certifi>=2024 ; extra == 'test'
  - pytest-randomly ; extra == 'test-randomorder'
  - sphinx>=5.3.0 ; extra == 'docs'
  - sphinx-rtd-theme>=3.0.0 ; extra == 'docs'
  - sphinx-inline-tabs ; extra == 'docs'
  - pyenchant>=3 ; extra == 'docstest'
  - readme-renderer>=30.0 ; extra == 'docstest'
  - sphinxcontrib-spelling>=7.3.1 ; extra == 'docstest'
  - build>=1.0.0 ; extra == 'sdist'
  - ruff>=0.11.11 ; extra == 'pep8test'
  - mypy>=1.14 ; extra == 'pep8test'
  - check-sdist ; extra == 'pep8test'
  - click>=8.0.1 ; extra == 'pep8test'
  requires_python: '>=3.8,!=3.9.0,!=3.9.1'
- pypi: https://files.pythonhosted.org/packages/38/74/f94141b38a51a553efef7f510fc213894161ae49b88bffd037f8d2a7cb2f/frozendict-2.4.7-py3-none-any.whl
  name: frozendict
  version: 2.4.7
  sha256: 972af65924ea25cf5b4d9326d549e69a9a4918d8a76a9d3a7cd174d98b237550
  requires_python: '>=3.6'
- pypi: https://files.pythonhosted.org/packages/3a/3b/d9b1e0b0eed36e70477ffb8360c49c85c8ca8ef9700a4e6711f39a6e8b45/frozenlist-1.8.0-cp314-cp314-manylinux2014_aarch64.manylinux_2_17_aarch64.manylinux_2_28_aarch64.whl
  name: frozenlist
  version: 1.8.0
  sha256: 778a11b15673f6f1df23d9586f83c4846c471a8af693a22e066508b77d201ec8
  requires_python: '>=3.9'
- pypi: https://files.pythonhosted.org/packages/23/08/cb17d4c4876954ffc3560e8fbe71528d46deda0f1d6e2c1a65824a6073e4/gpiod-2.4.0-cp314-cp314-manylinux2014_aarch64.manylinux_2_17_aarch64.manylinux_2_28_aarch64.whl
  name: gpiod
  version: 2.4.0
  sha256: 75c9ac86275c3cb14779f0fb6e671067ae0d9c20e41b6f18c9487db6897fdd86
  requires_python: '>=3.9.0'
- pypi: https://files.pythonhosted.org/packages/f0/0f/310fb31e39e2d734ccaa2c0fb981ee41f7bd5056ce9bc29b2248bd569169/humanfriendly-10.0-py2.py3-none-any.whl
  name: humanfriendly
  version: '10.0'
  sha256: 1697e1a8a8f550fd43c2865cd84542fc175a61dcb779b6fee18cf6b6ccba1477
  requires_dist:
  - monotonic ; python_full_version == '2.7.*'
  - pyreadline ; python_full_version < '3.8' and sys_platform == 'win32'
  - pyreadline3 ; python_full_version >= '3.8' and sys_platform == 'win32'
  requires_python: '>=2.7,!=3.0.*,!=3.1.*,!=3.2.*,!=3.3.*,!=3.4.*'
- conda: https://conda.anaconda.org/conda-forge/linux-aarch64/icu-78.2-hb1525cb_0.conda
  sha256: 09f7f9213eb68e7e4291cd476e72b37f3ded99ed957528567f32f5ba6b611043
  md5: 15b35dc33e185e7d2aac1cfcd6778627
  depends:
  - libgcc >=14
  - libstdcxx >=14
  license: MIT
  license_family: MIT
  purls: []
  size: 12852963
  timestamp: 1767975394622
- pypi: https://files.pythonhosted.org/packages/0e/61/66938bbb5fc52dbdf84594873d5b51fb1f7c7794e9c0f5bd885f30bc507b/idna-3.11-py3-none-any.whl
  name: idna
  version: '3.11'
  sha256: 771a87f49d9defaf64091e6e6fe9c18d4833f140bd19464795bc32d966ca37ea
  requires_dist:
  - ruff>=0.6.2 ; extra == 'all'
  - mypy>=1.11.2 ; extra == 'all'
  - pytest>=8.3.2 ; extra == 'all'
  - flake8>=7.1.1 ; extra == 'all'
  requires_python: '>=3.8'
- pypi: https://files.pythonhosted.org/packages/69/90/f63fb5873511e014207a475e2bb4e8b2e570d655b00ac19a9a0ca0a385ee/jsonschema-4.26.0-py3-none-any.whl
  name: jsonschema
  version: 4.26.0
  sha256: d489f15263b8d200f8387e64b4c3a75f06629559fb73deb8fdfb525f2dab50ce
  requires_dist:
  - attrs>=22.2.0
  - jsonschema-specifications>=2023.3.6
  - referencing>=0.28.4
  - rpds-py>=0.25.0
  - fqdn ; extra == 'format'
  - idna ; extra == 'format'
  - isoduration ; extra == 'format'
  - jsonpointer>1.13 ; extra == 'format'
  - rfc3339-validator ; extra == 'format'
  - rfc3987 ; extra == 'format'
  - uri-template ; extra == 'format'
  - webcolors>=1.11 ; extra == 'format'
  - fqdn ; extra == 'format-nongpl'
  - idna ; extra == 'format-nongpl'
  - isoduration ; extra == 'format-nongpl'
  - jsonpointer>1.13 ; extra == 'format-nongpl'
  - rfc3339-validator ; extra == 'format-nongpl'
  - rfc3986-validator>0.1.0 ; extra == 'format-nongpl'
  - rfc3987-syntax>=1.1.0 ; extra == 'format-nongpl'
  - uri-template ; extra == 'format-nongpl'
  - webcolors>=24.6.0 ; extra == 'format-nongpl'
  requires_python: '>=3.10'
- pypi: https://files.pythonhosted.org/packages/41/45/1a4ed80516f02155c51f51e8cedb3c1902296743db0bbc66608a0db2814f/jsonschema_specifications-2025.9.1-py3-none-any.whl
  name: jsonschema-specifications
  version: 2025.9.1
  sha256: 98802fee3a11ee76ecaca44429fda8a41bff98b00a0f2838151b113f210cc6fe
  requires_dist:
  - referencing>=0.31.0
  requires_python: '>=3.9'
- conda: https://conda.anaconda.org/conda-forge/linux-aarch64/ld_impl_linux-aarch64-2.45-default_h1979696_105.conda
  sha256: 12e7341b89e9ea319a3b4de03d02cd988fa02b8a678f4e46779515009b5e475c
  md5: 849c4cbbf8dd1d71e66c13afed1d2f12
  depends:
  - zstd >=1.5.7,<1.6.0a0
  constrains:
  - binutils_impl_linux-aarch64 2.45
  license: GPL-3.0-only
  license_family: GPL
  purls: []
  size: 876257
  timestamp: 1766513180236
- conda: https://conda.anaconda.org/conda-forge/linux-aarch64/libexpat-2.7.3-hfae3067_0.conda
  sha256: cc2581a78315418cc2e0bb2a273d37363203e79cefe78ba6d282fed546262239
  md5: b414e36fbb7ca122030276c75fa9c34a
  depends:
  - libgcc >=14
  constrains:
  - expat 2.7.3.*
  license: MIT
  license_family: MIT
  purls: []
  size: 76201
  timestamp: 1763549910086
- conda: https://conda.anaconda.org/conda-forge/linux-aarch64/libffi-3.5.2-hd65408f_0.conda
  sha256: 6c3332e78a975e092e54f87771611db81dcb5515a3847a3641021621de76caea
  md5: 0c5ad486dcfb188885e3cf8ba209b97b
  depends:
  - libgcc >=14
  license: MIT
  license_family: MIT
  purls: []
  size: 55586
  timestamp: 1760295405021
- conda: https://conda.anaconda.org/conda-forge/linux-aarch64/libgcc-15.2.0-h8acb6b2_16.conda
  sha256: 44bfc6fe16236babb271e0c693fe7fd978f336542e23c9c30e700483796ed30b
  md5: cf9cd6739a3b694dcf551d898e112331
  depends:
  - _openmp_mutex >=4.5
  constrains:
  - libgomp 15.2.0 h8acb6b2_16
  - libgcc-ng ==15.2.0=*_16
  license: GPL-3.0-only WITH GCC-exception-3.1
  license_family: GPL
  purls: []
  size: 620637
  timestamp: 1765256938043
- conda: https://conda.anaconda.org/conda-forge/linux-aarch64/libgomp-15.2.0-h8acb6b2_16.conda
  sha256: 0a9d77c920db691eb42b78c734d70c5a1d00b3110c0867cfff18e9dd69bc3c29
  md5: 4d2f224e8186e7881d53e3aead912f6c
  license: GPL-3.0-only WITH GCC-exception-3.1
  license_family: GPL
  purls: []
  size: 587924
  timestamp: 1765256821307
- conda: https://conda.anaconda.org/conda-forge/linux-aarch64/liblzma-5.8.1-h86ecc28_2.conda
  sha256: 498ea4b29155df69d7f20990a7028d75d91dbea24d04b2eb8a3d6ef328806849
  md5: 7d362346a479256857ab338588190da0
  depends:
  - libgcc >=13
  constrains:
  - xz 5.8.1.*
  license: 0BSD
  purls: []
  size: 125103
  timestamp: 1749232230009
- conda: https://conda.anaconda.org/conda-forge/linux-aarch64/libmpdec-4.0.0-h86ecc28_0.conda
  sha256: ef8697f934c80b347bf9d7ed45650928079e303bad01bd064995b0e3166d6e7a
  md5: 78cfed3f76d6f3f279736789d319af76
  depends:
  - libgcc >=13
  license: BSD-2-Clause
  license_family: BSD
  purls: []
  size: 114064
  timestamp: 1748393729243
- conda: https://conda.anaconda.org/conda-forge/linux-aarch64/libsqlite-3.51.2-h10b116e_0.conda
  sha256: 5f8230ccaf9ffaab369adc894ef530699e96111dac0a8ff9b735a871f8ba8f8b
  md5: 4e3ba0d5d192f99217b85f07a0761e64
  depends:
  - icu >=78.2,<79.0a0
  - libgcc >=14
  - libzlib >=1.3.1,<2.0a0
  license: blessing
  purls: []
  size: 944688
  timestamp: 1768147991301
- conda: https://conda.anaconda.org/conda-forge/linux-aarch64/libstdcxx-15.2.0-hef695bb_16.conda
  sha256: 4db11a903707068ae37aa6909511c68e9af6a2e97890d1b73b0a8d87cb74aba9
  md5: 52d9df8055af3f1665ba471cce77da48
  depends:
  - libgcc 15.2.0 h8acb6b2_16
  constrains:
  - libstdcxx-ng ==15.2.0=*_16
  license: GPL-3.0-only WITH GCC-exception-3.1
  license_family: GPL
  purls: []
  size: 5541149
  timestamp: 1765256980783
- conda: https://conda.anaconda.org/conda-forge/linux-aarch64/libuuid-2.41.3-h1022ec0_0.conda
  sha256: c37a8e89b700646f3252608f8368e7eb8e2a44886b92776e57ad7601fc402a11
  md5: cf2861212053d05f27ec49c3784ff8bb
  depends:
  - libgcc >=14
  license: BSD-3-Clause
  license_family: BSD
  purls: []
  size: 43453
  timestamp: 1766271546875
- conda: https://conda.anaconda.org/conda-forge/linux-aarch64/libzlib-1.3.1-h86ecc28_2.conda
  sha256: 5a2c1eeef69342e88a98d1d95bff1603727ab1ff4ee0e421522acd8813439b84
  md5: 08aad7cbe9f5a6b460d0976076b6ae64
  depends:
  - libgcc >=13
  constrains:
  - zlib 1.3.1 *_2
  license: Zlib
  license_family: Other
  purls: []
  size: 66657
  timestamp: 1727963199518
- pypi: https://files.pythonhosted.org/packages/15/ee/f524093232007cd7a75c1d132df70f235cfd590a7c9eaccd7ff422ef4ae8/multidict-6.7.0-cp314-cp314-manylinux2014_aarch64.manylinux_2_17_aarch64.manylinux_2_28_aarch64.whl
  name: multidict
  version: 6.7.0
  sha256: 4a0df7ff02397bb63e2fd22af2c87dfa39e8c7f12947bc524dbdc528282c7e34
  requires_dist:
  - typing-extensions>=4.1.0 ; python_full_version < '3.11'
  requires_python: '>=3.9'
- conda: https://conda.anaconda.org/conda-forge/linux-aarch64/ncurses-6.5-ha32ae93_3.conda
  sha256: 91cfb655a68b0353b2833521dc919188db3d8a7f4c64bea2c6a7557b24747468
  md5: 182afabe009dc78d8b73100255ee6868
  depends:
  - libgcc >=13
  license: X11 AND BSD-3-Clause
  purls: []
  size: 926034
  timestamp: 1738196018799
- conda: https://conda.anaconda.org/conda-forge/linux-aarch64/openssl-3.6.0-h8e36d6e_0.conda
  sha256: 8dd3b4c31fe176a3e51c5729b2c7f4c836a2ce3bd5c82082dc2a503ba9ee0af3
  md5: 7624c6e01aecba942e9115e0f5a2af9d
  depends:
  - ca-certificates
  - libgcc >=14
  license: Apache-2.0
  license_family: Apache
  purls: []
  size: 3705625
  timestamp: 1762841024958
- pypi: https://files.pythonhosted.org/packages/86/bd/47816020d337f4a746edc42fe8d53669965138f39ee117414c7d7a340cfe/propcache-0.4.1-cp314-cp314-manylinux2014_aarch64.manylinux_2_17_aarch64.manylinux_2_28_aarch64.whl
  name: propcache
  version: 0.4.1
  sha256: c80ee5802e3fb9ea37938e7eecc307fb984837091d5fd262bb37238b1ae97641
  requires_python: '>=3.9'
- pypi: https://files.pythonhosted.org/packages/a0/e3/59cd50310fc9b59512193629e1984c1f95e5c8ae6e5d8c69532ccc65a7fe/pycparser-2.23-py3-none-any.whl
  name: pycparser
  version: '2.23'
  sha256: e5c6e8d3fbad53479cab09ac03729e0a9faf2bee3db8208a550daf5af81a5934
  requires_python: '>=3.8'
- pypi: https://files.pythonhosted.org/packages/07/bc/587a445451b253b285629263eb51c2d8e9bcea4fc97826266d186f96f558/pyserial-3.5-py2.py3-none-any.whl
  name: pyserial
  version: '3.5'
  sha256: c4451db6ba391ca6ca299fb3ec7bae67a5c55dde170964c7a14ceefec02f2cf0
  requires_dist:
  - hidapi ; extra == 'cp2110'
- pypi: https://files.pythonhosted.org/packages/1b/19/f76987bad313bb2dabf21914c1ec7441a1e846f05764f9948f1ccc2640a8/pyserial_asyncio_fast-0.16-py3-none-any.whl
  name: pyserial-asyncio-fast
  version: '0.16'
  sha256: 88939d94e341a04c0c8bc3c1ed4e874439cb5a1e21ccfb0fd7315a8e45df1687
  requires_dist:
  - pyserial
  requires_python: '>=3.9'
- conda: https://conda.anaconda.org/conda-forge/linux-aarch64/python-3.14.2-hb06a95a_100_cp314.conda
  build_number: 100
  sha256: 41adf6ee7a953ef4f35551a4a910a196b0a75e1ded458df5e73ef321863cb3f2
  md5: 432459e6961a5bc4cfe7cd080aee721a
  depends:
  - bzip2 >=1.0.8,<2.0a0
  - ld_impl_linux-aarch64 >=2.36.1
  - libexpat >=2.7.3,<3.0a0
  - libffi >=3.5.2,<3.6.0a0
  - libgcc >=14
  - liblzma >=5.8.1,<6.0a0
  - libmpdec >=4.0.0,<5.0a0
  - libsqlite >=3.51.1,<4.0a0
  - libuuid >=2.41.2,<3.0a0
  - libzlib >=1.3.1,<2.0a0
  - ncurses >=6.5,<7.0a0
  - openssl >=3.5.4,<4.0a0
  - python_abi 3.14.* *_cp314
  - readline >=8.2,<9.0a0
  - tk >=8.6.13,<8.7.0a0
  - tzdata
  - zstd >=1.5.7,<1.6.0a0
  license: Python-2.0
  purls: []
  size: 37217543
  timestamp: 1765020325291
  python_site_packages_path: lib/python3.14/site-packages
- conda: https://conda.anaconda.org/conda-forge/noarch/python_abi-3.14-8_cp314.conda
  build_number: 8
  sha256: ad6d2e9ac39751cc0529dd1566a26751a0bf2542adb0c232533d32e176e21db5
  md5: 0539938c55b6b1a59b560e843ad864a4
  constrains:
  - python 3.14.* *_cp314
  license: BSD-3-Clause
  license_family: BSD
  purls: []
  size: 6989
  timestamp: 1752805904792
- conda: https://conda.anaconda.org/conda-forge/linux-aarch64/readline-8.3-hb682ff5_0.conda
  sha256: fe695f9d215e9a2e3dd0ca7f56435ab4df24f5504b83865e3d295df36e88d216
  md5: 3d49cad61f829f4f0e0611547a9cda12
  depends:
  - libgcc >=14
  - ncurses >=6.5,<7.0a0
  license: GPL-3.0-only
  license_family: GPL
  purls: []
  size: 357597
  timestamp: 1765815673644
- pypi: https://files.pythonhosted.org/packages/2c/58/ca301544e1fa93ed4f80d724bf5b194f6e4b945841c5bfd555878eea9fcb/referencing-0.37.0-py3-none-any.whl
  name: referencing
  version: 0.37.0
  sha256: 381329a9f99628c9069361716891d34ad94af76e461dcb0335825aecc7692231
  requires_dist:
  - attrs>=22.2.0
  - rpds-py>=0.7.0
  - typing-extensions>=4.4.0 ; python_full_version < '3.13'
  requires_python: '>=3.10'
- pypi: https://files.pythonhosted.org/packages/bf/c4/76eb0e1e72d1a9c4703c69607cec123c29028bff28ce41588792417098ac/rpds_py-0.30.0-cp314-cp314-manylinux_2_17_aarch64.manylinux2014_aarch64.whl
  name: rpds-py
  version: 0.30.0
  sha256: f251c812357a3fed308d684a5079ddfb9d933860fc6de89f2b7ab00da481e65f
  requires_python: '>=3.10'
- conda: https://conda.anaconda.org/conda-forge/linux-aarch64/tk-8.6.13-noxft_h561c983_103.conda
  sha256: 154e73f6269f92ad5257aa2039278b083998fd19d371e150f307483fb93c07ae
  md5: 631db4799bc2bfe4daccf80bb3cbc433
  depends:
  - libgcc >=13
  - libzlib >=1.3.1,<2.0a0
  constrains:
  - xorg-libx11 >=1.8.12,<2.0a0
  license: TCL
  license_family: BSD
  purls: []
  size: 3333495
  timestamp: 1763059192223
- pypi: https://files.pythonhosted.org/packages/18/67/36e9267722cc04a6b9f15c7f3441c2363321a3ea07da7ae0c0707beb2a9c/typing_extensions-4.15.0-py3-none-any.whl
  name: typing-extensions
  version: 4.15.0
  sha256: f0fa19c6845758ab08074a0cfa8b7aecb71c999ca73d62883bc25cc018c4e548
  requires_python: '>=3.9'
- conda: https://conda.anaconda.org/conda-forge/noarch/tzdata-2025c-hc9c84f9_1.conda
  sha256: 1d30098909076af33a35017eed6f2953af1c769e273a0626a04722ac4acaba3c
  md5: ad659d0a2b3e47e38d829aa8cad2d610
  license: LicenseRef-Public-Domain
  purls: []
  size: 119135
  timestamp: 1767016325805
- pypi: https://files.pythonhosted.org/packages/30/ef/954f231bce97f1c0f574d11447f621c6a810f784752d0896ae600b5b33c3/universal_silabs_flasher-0.1.3-py3-none-any.whl
  name: universal-silabs-flasher
  version: 0.1.3
  sha256: f7a2e21b806fd05cca4c85673106345ad36f824b34d2e13db86a0963b990c00f
  requires_dist:
  - aiohttp
  - click>=8.2.0
  - zigpy>=0.70.0
  - crc
  - bellows>=0.42.0
  - gpiod ; sys_platform == 'linux'
  - coloredlogs
  - async-timeout ; python_full_version < '3.11'
  - typing-extensions
  - pyserial-asyncio-fast
  - pytest>=7.3.1 ; extra == 'testing'
  - pytest-asyncio>=0.21.0 ; extra == 'testing'
  - pytest-timeout>=2.1.0 ; extra == 'testing'
  - pytest-mock>=3.10.0 ; extra == 'testing'
  - pytest-cov>=4.1.0 ; extra == 'testing'
  - pytest-github-actions-annotate-failures ; extra == 'testing'
  requires_python: '>=3.9'
- pypi: https://files.pythonhosted.org/packages/d1/00/0e0da784245c93cf346150ab67634177bf277f93b7a162bb56c928c39c04/voluptuous-0.16.0-py3-none-any.whl
  name: voluptuous
  version: 0.16.0
  sha256: ee342095263e1b5afbd4d418cb5adc92810eebfd07696bb033a261210df33db4
  requires_python: '>=3.9'
- pypi: https://files.pythonhosted.org/packages/a7/bc/315a56aca762d44a6aaaf7ad253f04d996cb6b27bad34410f82d76ea8038/yarl-1.22.0-cp314-cp314-manylinux2014_aarch64.manylinux_2_17_aarch64.manylinux_2_28_aarch64.whl
  name: yarl
  version: 1.22.0
  sha256: f3d7a87a78d46a2e3d5b72587ac14b4c16952dd0887dbb051451eceac774411e
  requires_dist:
  - idna>=2.0
  - multidict>=4.0
  - propcache>=0.2.1
  requires_python: '>=3.9'
- pypi: https://files.pythonhosted.org/packages/52/50/31268e076169ce2945759e2db50972ff7ab9be1494db6c3c76fc45fef656/zigpy-0.90.0-py3-none-any.whl
  name: zigpy
  version: 0.90.0
  sha256: 5c17c3f5f2b1d72aa04598ec014df6eb79ede23c640b0df4968f14a971acf912
  requires_dist:
  - attrs
  - aiohttp
  - aiosqlite>=0.20.0,<0.22.0
  - crccheck
  - cryptography
  - voluptuous
  - jsonschema
  - pyserial-asyncio-fast
  - typing-extensions
  - frozendict
  - tomli ; extra == 'testing'
  - asynctest ; extra == 'testing'
  - coveralls ; extra == 'testing'
  - coverage[toml] ; extra == 'testing'
  - filelock ; extra == 'testing'
  - pytest ; extra == 'testing'
  - pytest-asyncio<1.0.0 ; extra == 'testing'
  - pytest-cov ; extra == 'testing'
  - pytest-timeout ; extra == 'testing'
  - freezegun ; extra == 'testing'
  - pysqlite3-binary ; python_full_version < '3.12' and sys_platform == 'linux' and extra == 'testing'
  requires_python: '>=3.11'
- conda: https://conda.anaconda.org/conda-forge/linux-aarch64/zstd-1.5.7-h85ac4a6_6.conda
  sha256: 569990cf12e46f9df540275146da567d9c618c1e9c7a0bc9d9cfefadaed20b75
  md5: c3655f82dcea2aa179b291e7099c1fcc
  depends:
  - libzlib >=1.3.1,<2.0a0
  license: BSD-3-Clause
  license_family: BSD
  purls: []
  size: 614429
  timestamp: 1764777145593
