version: 6
environments:
  default:
    channels:
    - url: https://conda.anaconda.org/conda-forge/
    indexes:
    - https://pypi.org/simple
    packages:
      linux-aarch64:
      - conda: https://conda.anaconda.org/conda-forge/linux-aarch64/_openmp_mutex-4.5-2_gnu.tar.bz2
      - conda: https://conda.anaconda.org/conda-forge/linux-aarch64/bzip2-1.0.8-h68df207_7.conda
      - conda: https://conda.anaconda.org/conda-forge/linux-aarch64/ca-certificates-2025.1.31-hcefe29a_0.conda
      - conda: https://conda.anaconda.org/conda-forge/linux-aarch64/ld_impl_linux-aarch64-2.43-h80caac9_4.conda
      - conda: https://conda.anaconda.org/conda-forge/linux-aarch64/libexpat-2.6.4-h5ad3122_0.conda
      - conda: https://conda.anaconda.org/conda-forge/linux-aarch64/libffi-3.4.6-he21f813_0.conda
      - conda: https://conda.anaconda.org/conda-forge/linux-aarch64/libgcc-14.2.0-he277a41_1.conda
      - conda: https://conda.anaconda.org/conda-forge/linux-aarch64/libgcc-ng-14.2.0-he9431aa_1.conda
      - conda: https://conda.anaconda.org/conda-forge/linux-aarch64/libgomp-14.2.0-he277a41_1.conda
      - conda: https://conda.anaconda.org/conda-forge/linux-aarch64/liblzma-5.6.4-h86ecc28_0.conda
      - conda: https://conda.anaconda.org/conda-forge/linux-aarch64/libmpdec-4.0.0-h68df207_0.conda
      - conda: https://conda.anaconda.org/conda-forge/linux-aarch64/libsqlite-3.49.1-h5eb1b54_1.conda
      - conda: https://conda.anaconda.org/conda-forge/linux-aarch64/libuuid-2.38.1-hb4cce97_0.conda
      - conda: https://conda.anaconda.org/conda-forge/linux-aarch64/libzlib-1.3.1-h86ecc28_2.conda
      - conda: https://conda.anaconda.org/conda-forge/linux-aarch64/ncurses-6.5-ha32ae93_3.conda
      - conda: https://conda.anaconda.org/conda-forge/linux-aarch64/openssl-3.4.1-hd08dc88_0.conda
      - conda: https://conda.anaconda.org/conda-forge/linux-aarch64/python-3.13.2-h525b0ce_101_cp313.conda
      - conda: https://conda.anaconda.org/conda-forge/linux-aarch64/python_abi-3.13-5_cp313.conda
      - conda: https://conda.anaconda.org/conda-forge/linux-aarch64/readline-8.2-h8fc344f_1.conda
      - conda: https://conda.anaconda.org/conda-forge/linux-aarch64/tk-8.6.13-h194ca79_0.conda
      - conda: https://conda.anaconda.org/conda-forge/noarch/tzdata-2025a-h78e105d_0.conda
      - pypi: https://files.pythonhosted.org/packages/44/4c/03fb05f56551828ec67ceb3665e5dc51638042d204983a03b0a1541475b6/aiohappyeyeballs-2.4.6-py3-none-any.whl
      - pypi: https://files.pythonhosted.org/packages/8b/fd/b775970a047543bbc1d0f66725ba72acef788028fce215dc959fd15a8200/aiohttp-3.11.12-cp313-cp313-manylinux_2_17_aarch64.manylinux2014_aarch64.whl
      - pypi: https://files.pythonhosted.org/packages/ec/6a/bc7e17a3e87a2985d3e8f4da4cd0f481060eb78fb08596c42be62c90a4d9/aiosignal-1.3.2-py2.py3-none-any.whl
      - pypi: https://files.pythonhosted.org/packages/f5/10/6c25ed6de94c49f88a91fa5018cb4c0f3625f31d5be9f771ebe5cc7cd506/aiosqlite-0.21.0-py3-none-any.whl
      - pypi: https://files.pythonhosted.org/packages/fc/30/d4986a882011f9df997a55e6becd864812ccfcd821d64aac8570ee39f719/attrs-25.1.0-py3-none-any.whl
      - pypi: https://files.pythonhosted.org/packages/cc/0a/6525b683bdc5684d3693d87eaf537d69c9f4cd4607a04f545db741087d42/bellows-0.43.0-py3-none-any.whl
      - pypi: https://files.pythonhosted.org/packages/75/b2/fbaec7c4455c604e29388d55599b99ebcc250a60050610fadde58932b7ee/cffi-1.17.1-cp313-cp313-manylinux_2_17_aarch64.manylinux2014_aarch64.whl
      - pypi: https://files.pythonhosted.org/packages/7e/d4/7ebdbd03970677812aac39c869717059dbb71a4cfc033ca6e5221787892c/click-8.1.8-py3-none-any.whl
      - pypi: https://files.pythonhosted.org/packages/ae/5a/4f025bc751087833686892e17e7564828e409c43b632878afeae554870cd/click_log-0.4.0-py2.py3-none-any.whl
      - pypi: https://files.pythonhosted.org/packages/a7/06/3d6badcf13db419e25b07041d9c7b4a2c331d3f4e7134445ec5df57714cd/coloredlogs-15.0.1-py2.py3-none-any.whl
      - pypi: https://files.pythonhosted.org/packages/df/ff/5ebeae9b53e8cddd9e6f3b6b0c98da3f112d9a7e1ea638a00876aa8fb5b4/crc-7.1.0-py3-none-any.whl
      - pypi: https://files.pythonhosted.org/packages/f4/2f/93f71642e177f0a1d1f392421e314056a2635ca3524b3c57b005cdd995bd/crccheck-1.3.0-py3-none-any.whl
      - pypi: https://files.pythonhosted.org/packages/b3/45/690a02c748d719a95ab08b6e4decb9d81e0ec1bac510358f61624c86e8a3/cryptography-44.0.1-cp39-abi3-manylinux_2_28_aarch64.whl
      - pypi: https://files.pythonhosted.org/packages/a5/8e/b6bf6a0de482d7d7d7a2aaac8fdc4a4d0bb24a809f5ddd422aa7060eb3d2/frozendict-2.4.6-py313-none-any.whl
      - pypi: https://files.pythonhosted.org/packages/1f/22/462a3dd093d11df623179d7754a3b3269de3b42de2808cddef50ee0f4f48/frozenlist-1.5.0-cp313-cp313-manylinux_2_17_aarch64.manylinux2014_aarch64.whl
      - pypi: https://files.pythonhosted.org/packages/a1/08/c68d099da0eb545e83132978d3e556803bd3fa90bcfc14d0842d78fa4718/gpiod-2.3.0-cp313-cp313-manylinux_2_17_aarch64.manylinux2014_aarch64.whl
      - pypi: https://files.pythonhosted.org/packages/f0/0f/310fb31e39e2d734ccaa2c0fb981ee41f7bd5056ce9bc29b2248bd569169/humanfriendly-10.0-py2.py3-none-any.whl
      - pypi: https://files.pythonhosted.org/packages/76/c6/c88e154df9c4e1a2a66ccf0005a88dfb2650c1dffb6f5ce603dfbd452ce3/idna-3.10-py3-none-any.whl
      - pypi: https://files.pythonhosted.org/packages/69/4a/4f9dbeb84e8850557c02365a0eee0649abe5eb1d84af92a25731c6c0f922/jsonschema-4.23.0-py3-none-any.whl
      - pypi: https://files.pythonhosted.org/packages/d1/0f/8910b19ac0670a0f80ce1008e5e751c4a57e14d2c4c13a482aa6079fa9d6/jsonschema_specifications-2024.10.1-py3-none-any.whl
      - pypi: https://files.pythonhosted.org/packages/d3/b2/e56388f86663810c07cfe4a3c3d87227f3811eeb2d08450b9e5d19d78876/multidict-6.1.0-cp313-cp313-manylinux_2_17_aarch64.manylinux2014_aarch64.whl
      - pypi: https://files.pythonhosted.org/packages/13/1c/6961f11eb215a683b34b903b82bde486c606516c1466bf1fa67f26906d51/propcache-0.3.0-cp313-cp313-manylinux_2_17_aarch64.manylinux2014_aarch64.whl
      - pypi: https://files.pythonhosted.org/packages/82/09/37b4f0200cd8ad359c553ac87cd068fe7cebb24f00e59ee0f5218f14b389/pure-pcapy3-1.0.1.tar.gz
      - pypi: https://files.pythonhosted.org/packages/13/a3/a812df4e2dd5696d1f351d58b8fe16a405b234ad2886a0dab9183fb78109/pycparser-2.22-py3-none-any.whl
      - pypi: https://files.pythonhosted.org/packages/07/bc/587a445451b253b285629263eb51c2d8e9bcea4fc97826266d186f96f558/pyserial-3.5-py2.py3-none-any.whl
      - pypi: https://files.pythonhosted.org/packages/27/24/c820cf15f87f7b164e83710c1852d4f900d9793961579e5ef64189bc0c10/pyserial_asyncio-0.6-py3-none-any.whl
      - pypi: https://files.pythonhosted.org/packages/c4/70/12d628393704271cec08c04c6b81e67c0c4cf77a4cb339d6cfe55838bd84/pyserial_asyncio_fast-0.14-py3-none-any.whl
      - pypi: https://files.pythonhosted.org/packages/c1/b1/3baf80dc6d2b7bc27a95a67752d0208e410351e3feb4eb78de5f77454d8d/referencing-0.36.2-py3-none-any.whl
      - pypi: https://files.pythonhosted.org/packages/b0/bc/33779a1bb0ee32d8d706b173825aab75c628521d23ce72a7c1e6a6852f86/rpds_py-0.23.1-cp313-cp313-manylinux_2_17_aarch64.manylinux2014_aarch64.whl
      - pypi: https://files.pythonhosted.org/packages/69/8a/b9dc7678803429e4a3bc9ba462fa3dd9066824d3c607490235c6a796be5a/setuptools-75.8.0-py3-none-any.whl
      - pypi: https://files.pythonhosted.org/packages/26/9f/ad63fc0248c5379346306f8668cda6e2e2e9c95e01216d2b8ffd9ff037d0/typing_extensions-4.12.2-py3-none-any.whl
      - pypi: https://files.pythonhosted.org/packages/2f/2e/c21f1c24820992174e2646ed38ff43b543f34cec1e83ecb05e3e36bca592/universal_silabs_flasher-0.0.29-py3-none-any.whl
      - pypi: https://files.pythonhosted.org/packages/db/a8/8f9cc6749331186e6a513bfe3745454f81d25f6e34c6024f88f80c71ed28/voluptuous-0.15.2-py3-none-any.whl
      - pypi: https://files.pythonhosted.org/packages/56/4e/d2563d8323a7e9a414b5b25341b3942af5902a2263d36d20fb17c40411e2/yarl-1.18.3-cp313-cp313-manylinux_2_17_aarch64.manylinux2014_aarch64.whl
      - pypi: https://files.pythonhosted.org/packages/14/bf/b5b56b634f272107972cfc7bd024aac1a69ea2b326985b54584c48ecb3cd/zigpy-0.76.1-py3-none-any.whl
packages:
- conda: https://conda.anaconda.org/conda-forge/linux-aarch64/_openmp_mutex-4.5-2_gnu.tar.bz2
  build_number: 16
  sha256: 3702bef2f0a4d38bd8288bbe54aace623602a1343c2cfbefd3fa188e015bebf0
  md5: 6168d71addc746e8f2b8d57dfd2edcea
  depends:
  - libgomp >=7.5.0
  constrains:
  - openmp_impl 9999
  arch: aarch64
  platform: linux
  license: BSD-3-Clause
  license_family: BSD
  purls: []
  size: 23712
  timestamp: 1650670790230
- pypi: https://files.pythonhosted.org/packages/44/4c/03fb05f56551828ec67ceb3665e5dc51638042d204983a03b0a1541475b6/aiohappyeyeballs-2.4.6-py3-none-any.whl
  name: aiohappyeyeballs
  version: 2.4.6
  sha256: 147ec992cf873d74f5062644332c539fcd42956dc69453fe5204195e560517e1
  requires_python: '>=3.9'
- pypi: https://files.pythonhosted.org/packages/8b/fd/b775970a047543bbc1d0f66725ba72acef788028fce215dc959fd15a8200/aiohttp-3.11.12-cp313-cp313-manylinux_2_17_aarch64.manylinux2014_aarch64.whl
  name: aiohttp
  version: 3.11.12
  sha256: e5148ca8955affdfeb864aca158ecae11030e952b25b3ae15d4e2b5ba299bad2
  requires_dist:
  - aiohappyeyeballs>=2.3.0
  - aiosignal>=1.1.2
  - async-timeout>=4.0,<6.0 ; python_full_version < '3.11'
  - attrs>=17.3.0
  - frozenlist>=1.1.1
  - multidict>=4.5,<7.0
  - propcache>=0.2.0
  - yarl>=1.17.0,<2.0
  - aiodns>=3.2.0 ; (sys_platform == 'darwin' and extra == 'speedups') or (sys_platform == 'linux' and extra == 'speedups')
  - brotli ; platform_python_implementation == 'CPython' and extra == 'speedups'
  - brotlicffi ; platform_python_implementation != 'CPython' and extra == 'speedups'
  requires_python: '>=3.9'
- pypi: https://files.pythonhosted.org/packages/ec/6a/bc7e17a3e87a2985d3e8f4da4cd0f481060eb78fb08596c42be62c90a4d9/aiosignal-1.3.2-py2.py3-none-any.whl
  name: aiosignal
  version: 1.3.2
  sha256: 45cde58e409a301715980c2b01d0c28bdde3770d8290b5eb2173759d9acb31a5
  requires_dist:
  - frozenlist>=1.1.0
  requires_python: '>=3.9'
- pypi: https://files.pythonhosted.org/packages/f5/10/6c25ed6de94c49f88a91fa5018cb4c0f3625f31d5be9f771ebe5cc7cd506/aiosqlite-0.21.0-py3-none-any.whl
  name: aiosqlite
  version: 0.21.0
  sha256: 2549cf4057f95f53dcba16f2b64e8e2791d7e1adedb13197dd8ed77bb226d7d0
  requires_dist:
  - typing-extensions>=4.0
  - attribution==1.7.1 ; extra == 'dev'
  - black==24.3.0 ; extra == 'dev'
  - build>=1.2 ; extra == 'dev'
  - coverage[toml]==7.6.10 ; extra == 'dev'
  - flake8==7.0.0 ; extra == 'dev'
  - flake8-bugbear==24.12.12 ; extra == 'dev'
  - flit==3.10.1 ; extra == 'dev'
  - mypy==1.14.1 ; extra == 'dev'
  - ufmt==2.5.1 ; extra == 'dev'
  - usort==1.0.8.post1 ; extra == 'dev'
  - sphinx==8.1.3 ; extra == 'docs'
  - sphinx-mdinclude==0.6.1 ; extra == 'docs'
  requires_python: '>=3.9'
- pypi: https://files.pythonhosted.org/packages/fc/30/d4986a882011f9df997a55e6becd864812ccfcd821d64aac8570ee39f719/attrs-25.1.0-py3-none-any.whl
  name: attrs
  version: 25.1.0
  sha256: c75a69e28a550a7e93789579c22aa26b0f5b83b75dc4e08fe092980051e1090a
  requires_dist:
  - cloudpickle ; platform_python_implementation == 'CPython' and extra == 'benchmark'
  - hypothesis ; extra == 'benchmark'
  - mypy>=1.11.1 ; python_full_version >= '3.10' and platform_python_implementation == 'CPython' and extra == 'benchmark'
  - pympler ; extra == 'benchmark'
  - pytest-codspeed ; extra == 'benchmark'
  - pytest-mypy-plugins ; python_full_version >= '3.10' and platform_python_implementation == 'CPython' and extra == 'benchmark'
  - pytest-xdist[psutil] ; extra == 'benchmark'
  - pytest>=4.3.0 ; extra == 'benchmark'
  - cloudpickle ; platform_python_implementation == 'CPython' and extra == 'cov'
  - coverage[toml]>=5.3 ; extra == 'cov'
  - hypothesis ; extra == 'cov'
  - mypy>=1.11.1 ; python_full_version >= '3.10' and platform_python_implementation == 'CPython' and extra == 'cov'
  - pympler ; extra == 'cov'
  - pytest-mypy-plugins ; python_full_version >= '3.10' and platform_python_implementation == 'CPython' and extra == 'cov'
  - pytest-xdist[psutil] ; extra == 'cov'
  - pytest>=4.3.0 ; extra == 'cov'
  - cloudpickle ; platform_python_implementation == 'CPython' and extra == 'dev'
  - hypothesis ; extra == 'dev'
  - mypy>=1.11.1 ; python_full_version >= '3.10' and platform_python_implementation == 'CPython' and extra == 'dev'
  - pre-commit-uv ; extra == 'dev'
  - pympler ; extra == 'dev'
  - pytest-mypy-plugins ; python_full_version >= '3.10' and platform_python_implementation == 'CPython' and extra == 'dev'
  - pytest-xdist[psutil] ; extra == 'dev'
  - pytest>=4.3.0 ; extra == 'dev'
  - cogapp ; extra == 'docs'
  - furo ; extra == 'docs'
  - myst-parser ; extra == 'docs'
  - sphinx ; extra == 'docs'
  - sphinx-notfound-page ; extra == 'docs'
  - sphinxcontrib-towncrier ; extra == 'docs'
  - towncrier<24.7 ; extra == 'docs'
  - cloudpickle ; platform_python_implementation == 'CPython' and extra == 'tests'
  - hypothesis ; extra == 'tests'
  - mypy>=1.11.1 ; python_full_version >= '3.10' and platform_python_implementation == 'CPython' and extra == 'tests'
  - pympler ; extra == 'tests'
  - pytest-mypy-plugins ; python_full_version >= '3.10' and platform_python_implementation == 'CPython' and extra == 'tests'
  - pytest-xdist[psutil] ; extra == 'tests'
  - pytest>=4.3.0 ; extra == 'tests'
  - mypy>=1.11.1 ; python_full_version >= '3.10' and platform_python_implementation == 'CPython' and extra == 'tests-mypy'
  - pytest-mypy-plugins ; python_full_version >= '3.10' and platform_python_implementation == 'CPython' and extra == 'tests-mypy'
  requires_python: '>=3.8'
- pypi: https://files.pythonhosted.org/packages/cc/0a/6525b683bdc5684d3693d87eaf537d69c9f4cd4607a04f545db741087d42/bellows-0.43.0-py3-none-any.whl
  name: bellows
  version: 0.43.0
  sha256: ad162ead0846c0dd7a492e004ce8154972157f8b661924addfd19d0de38b0d52
  requires_dist:
  - click
  - click-log>=0.2.1
  - pure-pcapy3==1.0.1
  - voluptuous
  - zigpy>=0.75.0
  - async-timeout ; python_full_version < '3.11'
  - pytest>=7.1.2 ; extra == 'testing'
  - pytest-asyncio>=0.19.0 ; extra == 'testing'
  - pytest-timeout>=2.1.0 ; extra == 'testing'
  - pytest-mock>=3.8.2 ; extra == 'testing'
  - pytest-cov>=3.0.0 ; extra == 'testing'
  requires_python: '>=3.8'
- conda: https://conda.anaconda.org/conda-forge/linux-aarch64/bzip2-1.0.8-h68df207_7.conda
  sha256: 2258b0b33e1cb3a9852d47557984abb6e7ea58e3d7f92706ec1f8e879290c4cb
  md5: 56398c28220513b9ea13d7b450acfb20
  depends:
  - libgcc-ng >=12
  arch: aarch64
  platform: linux
  license: bzip2-1.0.6
  license_family: BSD
  purls: []
  size: 189884
  timestamp: 1720974504976
- conda: https://conda.anaconda.org/conda-forge/linux-aarch64/ca-certificates-2025.1.31-hcefe29a_0.conda
  sha256: 66c6408ee461593cfdb2d78d82e6ed74d04a04ccb51df3ef8a5f35148c9c6eec
  md5: 462cb166cd2e26a396f856510a3aff67
  arch: aarch64
  platform: linux
  license: ISC
  purls: []
  size: 158290
  timestamp: 1738299057652
- pypi: https://files.pythonhosted.org/packages/75/b2/fbaec7c4455c604e29388d55599b99ebcc250a60050610fadde58932b7ee/cffi-1.17.1-cp313-cp313-manylinux_2_17_aarch64.manylinux2014_aarch64.whl
  name: cffi
  version: 1.17.1
  sha256: 706510fe141c86a69c8ddc029c7910003a17353970cff3b904ff0686a5927683
  requires_dist:
  - pycparser
  requires_python: '>=3.8'
- pypi: https://files.pythonhosted.org/packages/7e/d4/7ebdbd03970677812aac39c869717059dbb71a4cfc033ca6e5221787892c/click-8.1.8-py3-none-any.whl
  name: click
  version: 8.1.8
  sha256: 63c132bbbed01578a06712a2d1f497bb62d9c1c0d329b7903a866228027263b2
  requires_dist:
  - colorama ; sys_platform == 'win32'
  - importlib-metadata ; python_full_version < '3.8'
  requires_python: '>=3.7'
- pypi: https://files.pythonhosted.org/packages/ae/5a/4f025bc751087833686892e17e7564828e409c43b632878afeae554870cd/click_log-0.4.0-py2.py3-none-any.whl
  name: click-log
  version: 0.4.0
  sha256: a43e394b528d52112af599f2fc9e4b7cf3c15f94e53581f74fa6867e68c91756
  requires_dist:
  - click
- pypi: https://files.pythonhosted.org/packages/a7/06/3d6badcf13db419e25b07041d9c7b4a2c331d3f4e7134445ec5df57714cd/coloredlogs-15.0.1-py2.py3-none-any.whl
  name: coloredlogs
  version: 15.0.1
  sha256: 612ee75c546f53e92e70049c9dbfcc18c935a2b9a53b66085ce9ef6a6e5c0934
  requires_dist:
  - humanfriendly>=9.1
  - capturer>=2.4 ; extra == 'cron'
  requires_python: '>=2.7,!=3.0.*,!=3.1.*,!=3.2.*,!=3.3.*,!=3.4.*'
- pypi: https://files.pythonhosted.org/packages/df/ff/5ebeae9b53e8cddd9e6f3b6b0c98da3f112d9a7e1ea638a00876aa8fb5b4/crc-7.1.0-py3-none-any.whl
  name: crc
  version: 7.1.0
  sha256: b9845c81d0b900d8fda1aae7af977035bee0359c279713814e9fd23a2d59db6a
  requires_python: '>=3.8,<4.0'
- pypi: https://files.pythonhosted.org/packages/f4/2f/93f71642e177f0a1d1f392421e314056a2635ca3524b3c57b005cdd995bd/crccheck-1.3.0-py3-none-any.whl
  name: crccheck
  version: 1.3.0
  sha256: 278ec53d6f417f197f7e0e29b485093d4879b0bc7a2d29b657ef8242e633b48d
- pypi: https://files.pythonhosted.org/packages/b3/45/690a02c748d719a95ab08b6e4decb9d81e0ec1bac510358f61624c86e8a3/cryptography-44.0.1-cp39-abi3-manylinux_2_28_aarch64.whl
  name: cryptography
  version: 44.0.1
  sha256: 436df4f203482f41aad60ed1813811ac4ab102765ecae7a2bbb1dbb66dcff5a7
  requires_dist:
  - cffi>=1.12 ; platform_python_implementation != 'PyPy'
  - bcrypt>=3.1.5 ; extra == 'ssh'
  - nox>=2024.4.15 ; extra == 'nox'
  - nox[uv]>=2024.3.2 ; python_full_version >= '3.8' and extra == 'nox'
  - cryptography-vectors==44.0.1 ; extra == 'test'
  - pytest>=7.4.0 ; extra == 'test'
  - pytest-benchmark>=4.0 ; extra == 'test'
  - pytest-cov>=2.10.1 ; extra == 'test'
  - pytest-xdist>=3.5.0 ; extra == 'test'
  - pretend>=0.7 ; extra == 'test'
  - certifi>=2024 ; extra == 'test'
  - pytest-randomly ; extra == 'test-randomorder'
  - sphinx>=5.3.0 ; extra == 'docs'
  - sphinx-rtd-theme>=3.0.0 ; python_full_version >= '3.8' and extra == 'docs'
  - pyenchant>=3 ; extra == 'docstest'
  - readme-renderer>=30.0 ; extra == 'docstest'
  - sphinxcontrib-spelling>=7.3.1 ; extra == 'docstest'
  - build>=1.0.0 ; extra == 'sdist'
  - ruff>=0.3.6 ; extra == 'pep8test'
  - mypy>=1.4 ; extra == 'pep8test'
  - check-sdist ; python_full_version >= '3.8' and extra == 'pep8test'
  - click>=8.0.1 ; extra == 'pep8test'
  requires_python: '>=3.7,!=3.9.0,!=3.9.1'
- pypi: https://files.pythonhosted.org/packages/a5/8e/b6bf6a0de482d7d7d7a2aaac8fdc4a4d0bb24a809f5ddd422aa7060eb3d2/frozendict-2.4.6-py313-none-any.whl
  name: frozendict
  version: 2.4.6
  sha256: 7134a2bb95d4a16556bb5f2b9736dceb6ea848fa5b6f3f6c2d6dba93b44b4757
  requires_python: '>=3.6'
- pypi: https://files.pythonhosted.org/packages/1f/22/462a3dd093d11df623179d7754a3b3269de3b42de2808cddef50ee0f4f48/frozenlist-1.5.0-cp313-cp313-manylinux_2_17_aarch64.manylinux2014_aarch64.whl
  name: frozenlist
  version: 1.5.0
  sha256: 6482a5851f5d72767fbd0e507e80737f9c8646ae7fd303def99bfe813f76cf7f
  requires_python: '>=3.8'
- pypi: https://files.pythonhosted.org/packages/a1/08/c68d099da0eb545e83132978d3e556803bd3fa90bcfc14d0842d78fa4718/gpiod-2.3.0-cp313-cp313-manylinux_2_17_aarch64.manylinux2014_aarch64.whl
  name: gpiod
  version: 2.3.0
  sha256: 7fdc3f63a277f8ae193f0c9b565bbd48e525e94c39cd463acd7b06250bf26507
  requires_python: '>=3.9.0'
- pypi: https://files.pythonhosted.org/packages/f0/0f/310fb31e39e2d734ccaa2c0fb981ee41f7bd5056ce9bc29b2248bd569169/humanfriendly-10.0-py2.py3-none-any.whl
  name: humanfriendly
  version: '10.0'
  sha256: 1697e1a8a8f550fd43c2865cd84542fc175a61dcb779b6fee18cf6b6ccba1477
  requires_dist:
  - monotonic ; python_full_version == '2.7.*'
  - pyreadline ; python_full_version < '3.8' and sys_platform == 'win32'
  - pyreadline3 ; python_full_version >= '3.8' and sys_platform == 'win32'
  requires_python: '>=2.7,!=3.0.*,!=3.1.*,!=3.2.*,!=3.3.*,!=3.4.*'
- pypi: https://files.pythonhosted.org/packages/76/c6/c88e154df9c4e1a2a66ccf0005a88dfb2650c1dffb6f5ce603dfbd452ce3/idna-3.10-py3-none-any.whl
  name: idna
  version: '3.10'
  sha256: 946d195a0d259cbba61165e88e65941f16e9b36ea6ddb97f00452bae8b1287d3
  requires_dist:
  - ruff>=0.6.2 ; extra == 'all'
  - mypy>=1.11.2 ; extra == 'all'
  - pytest>=8.3.2 ; extra == 'all'
  - flake8>=7.1.1 ; extra == 'all'
  requires_python: '>=3.6'
- pypi: https://files.pythonhosted.org/packages/69/4a/4f9dbeb84e8850557c02365a0eee0649abe5eb1d84af92a25731c6c0f922/jsonschema-4.23.0-py3-none-any.whl
  name: jsonschema
  version: 4.23.0
  sha256: fbadb6f8b144a8f8cf9f0b89ba94501d143e50411a1278633f56a7acf7fd5566
  requires_dist:
  - attrs>=22.2.0
  - importlib-resources>=1.4.0 ; python_full_version < '3.9'
  - jsonschema-specifications>=2023.3.6
  - pkgutil-resolve-name>=1.3.10 ; python_full_version < '3.9'
  - referencing>=0.28.4
  - rpds-py>=0.7.1
  - fqdn ; extra == 'format'
  - idna ; extra == 'format'
  - isoduration ; extra == 'format'
  - jsonpointer>1.13 ; extra == 'format'
  - rfc3339-validator ; extra == 'format'
  - rfc3987 ; extra == 'format'
  - uri-template ; extra == 'format'
  - webcolors>=1.11 ; extra == 'format'
  - fqdn ; extra == 'format-nongpl'
  - idna ; extra == 'format-nongpl'
  - isoduration ; extra == 'format-nongpl'
  - jsonpointer>1.13 ; extra == 'format-nongpl'
  - rfc3339-validator ; extra == 'format-nongpl'
  - rfc3986-validator>0.1.0 ; extra == 'format-nongpl'
  - uri-template ; extra == 'format-nongpl'
  - webcolors>=24.6.0 ; extra == 'format-nongpl'
  requires_python: '>=3.8'
- pypi: https://files.pythonhosted.org/packages/d1/0f/8910b19ac0670a0f80ce1008e5e751c4a57e14d2c4c13a482aa6079fa9d6/jsonschema_specifications-2024.10.1-py3-none-any.whl
  name: jsonschema-specifications
  version: 2024.10.1
  sha256: a09a0680616357d9a0ecf05c12ad234479f549239d0f5b55f3deea67475da9bf
  requires_dist:
  - referencing>=0.31.0
  requires_python: '>=3.9'
- conda: https://conda.anaconda.org/conda-forge/linux-aarch64/ld_impl_linux-aarch64-2.43-h80caac9_4.conda
  sha256: 016832a70b0aa97e1c4e47e23c00b0c34def679de25146736df353199f684f0d
  md5: 80c9ad5e05e91bb6c0967af3880c9742
  constrains:
  - binutils_impl_linux-aarch64 2.43
  arch: aarch64
  platform: linux
  license: GPL-3.0-only
  purls: []
  size: 699058
  timestamp: 1740155620594
- conda: https://conda.anaconda.org/conda-forge/linux-aarch64/libexpat-2.6.4-h5ad3122_0.conda
  sha256: f42e758009ba9db90d1fe7992bc3e60d0c52f71fb20923375d2c44ae69a5a2b3
  md5: f1b3fab36861b3ce945a13f0dfdfc688
  depends:
  - libgcc >=13
  constrains:
  - expat 2.6.4.*
  arch: aarch64
  platform: linux
  license: MIT
  license_family: MIT
  purls: []
  size: 72345
  timestamp: 1730967203789
- conda: https://conda.anaconda.org/conda-forge/linux-aarch64/libffi-3.4.6-he21f813_0.conda
  sha256: 41568066beefe7b319ff27d85952242e5b77fb753d705b8716041959e17c35c2
  md5: 966084fccf3ad62a3160666cda869f28
  depends:
  - libgcc >=13
  arch: aarch64
  platform: linux
  license: MIT
  license_family: MIT
  purls: []
  size: 51513
  timestamp: 1739260449772
- conda: https://conda.anaconda.org/conda-forge/linux-aarch64/libgcc-14.2.0-he277a41_1.conda
  sha256: 5d56757ccad208c79214395b00d006d8d18929a4ba49c47bd9460789a7620943
  md5: 511b511c5445e324066c3377481bcab8
  depends:
  - _openmp_mutex >=4.5
  constrains:
  - libgcc-ng ==14.2.0=*_1
  - libgomp 14.2.0 he277a41_1
  arch: aarch64
  platform: linux
  license: GPL-3.0-only WITH GCC-exception-3.1
  license_family: GPL
  purls: []
  size: 535243
  timestamp: 1729089435134
- conda: https://conda.anaconda.org/conda-forge/linux-aarch64/libgcc-ng-14.2.0-he9431aa_1.conda
  sha256: 9b5cf168a6c7361cae869cb74b716766ee7c6d6b3f6172b32ba9bf91135efdc4
  md5: 0694c249c61469f2c0f7e2990782af21
  depends:
  - libgcc 14.2.0 he277a41_1
  arch: aarch64
  platform: linux
  license: GPL-3.0-only WITH GCC-exception-3.1
  license_family: GPL
  purls: []
  size: 54104
  timestamp: 1729089444587
- conda: https://conda.anaconda.org/conda-forge/linux-aarch64/libgomp-14.2.0-he277a41_1.conda
  sha256: 5aa53874a5e57a00f2e0c2e2910684eb674429cd5fcb803619b226a73e89aedf
  md5: 376f0e73abbda6d23c0cb749adc195ef
  arch: aarch64
  platform: linux
  license: GPL-3.0-only WITH GCC-exception-3.1
  license_family: GPL
  purls: []
  size: 463521
  timestamp: 1729089357313
- conda: https://conda.anaconda.org/conda-forge/linux-aarch64/liblzma-5.6.4-h86ecc28_0.conda
  sha256: 96413664f0fade54a4931940d18749cfc8e6308349dbb0cb83adb2394ca1f730
  md5: b88244e0a115cc34f7fbca9b11248e76
  depends:
  - libgcc >=13
  arch: aarch64
  platform: linux
  license: 0BSD
  purls: []
  size: 124197
  timestamp: 1738528201520
- conda: https://conda.anaconda.org/conda-forge/linux-aarch64/libmpdec-4.0.0-h68df207_0.conda
  sha256: 1c63ef313c5d4ac02cdf21471fdba99c188bfcb87068a127a0f0964f7ec170ac
  md5: 5a03ba481cb547e6f31a1d81ebc5e319
  depends:
  - libgcc-ng >=12
  arch: aarch64
  platform: linux
  license: BSD-2-Clause
  license_family: BSD
  purls: []
  size: 110277
  timestamp: 1723861247377
- conda: https://conda.anaconda.org/conda-forge/linux-aarch64/libsqlite-3.49.1-h5eb1b54_1.conda
  sha256: 920fb3b7d3b873babf79a3e392cc82d43b8bd02a573ccaff34219efb5cf7b51e
  md5: 150d64241fa27d9d35a7f421ca968a6c
  depends:
  - libgcc >=13
  - libzlib >=1.3.1,<2.0a0
  arch: aarch64
  platform: linux
  license: Unlicense
  purls: []
  size: 915118
  timestamp: 1739953101699
- conda: https://conda.anaconda.org/conda-forge/linux-aarch64/libuuid-2.38.1-hb4cce97_0.conda
  sha256: 616277b0c5f7616c2cdf36f6c316ea3f9aa5bb35f2d4476a349ab58b9b91675f
  md5: 000e30b09db0b7c775b21695dff30969
  depends:
  - libgcc-ng >=12
  arch: aarch64
  platform: linux
  license: BSD-3-Clause
  license_family: BSD
  purls: []
  size: 35720
  timestamp: 1680113474501
- conda: https://conda.anaconda.org/conda-forge/linux-aarch64/libzlib-1.3.1-h86ecc28_2.conda
  sha256: 5a2c1eeef69342e88a98d1d95bff1603727ab1ff4ee0e421522acd8813439b84
  md5: 08aad7cbe9f5a6b460d0976076b6ae64
  depends:
  - libgcc >=13
  constrains:
  - zlib 1.3.1 *_2
  arch: aarch64
  platform: linux
  license: Zlib
  license_family: Other
  purls: []
  size: 66657
  timestamp: 1727963199518
- pypi: https://files.pythonhosted.org/packages/d3/b2/e56388f86663810c07cfe4a3c3d87227f3811eeb2d08450b9e5d19d78876/multidict-6.1.0-cp313-cp313-manylinux_2_17_aarch64.manylinux2014_aarch64.whl
  name: multidict
  version: 6.1.0
  sha256: b225d95519a5bf73860323e633a664b0d85ad3d5bede6d30d95b35d4dfe8805b
  requires_dist:
  - typing-extensions>=4.1.0 ; python_full_version < '3.11'
  requires_python: '>=3.8'
- conda: https://conda.anaconda.org/conda-forge/linux-aarch64/ncurses-6.5-ha32ae93_3.conda
  sha256: 91cfb655a68b0353b2833521dc919188db3d8a7f4c64bea2c6a7557b24747468
  md5: 182afabe009dc78d8b73100255ee6868
  depends:
  - libgcc >=13
  arch: aarch64
  platform: linux
  license: X11 AND BSD-3-Clause
  purls: []
  size: 926034
  timestamp: 1738196018799
- conda: https://conda.anaconda.org/conda-forge/linux-aarch64/openssl-3.4.1-hd08dc88_0.conda
  sha256: d80b52b56b2206053968270069616868cbeb289ef855cf1584b1bb0fef61b37c
  md5: 09036190605c57eaecf01218e0e9542d
  depends:
  - ca-certificates
  - libgcc >=13
  arch: aarch64
  platform: linux
  license: Apache-2.0
  license_family: Apache
  purls: []
  size: 3476570
  timestamp: 1739303256089
- pypi: https://files.pythonhosted.org/packages/13/1c/6961f11eb215a683b34b903b82bde486c606516c1466bf1fa67f26906d51/propcache-0.3.0-cp313-cp313-manylinux_2_17_aarch64.manylinux2014_aarch64.whl
  name: propcache
  version: 0.3.0
  sha256: d1323cd04d6e92150bcc79d0174ce347ed4b349d748b9358fd2e497b121e03c8
  requires_python: '>=3.9'
- pypi: https://files.pythonhosted.org/packages/82/09/37b4f0200cd8ad359c553ac87cd068fe7cebb24f00e59ee0f5218f14b389/pure-pcapy3-1.0.1.tar.gz
  name: pure-pcapy3
  version: 1.0.1
  sha256: b99e45f16d4ad410eb5ebbc7d5d39e353d7eda7e86f0ad52e4dc5c45a7b3ea92
  requires_dist:
  - setuptools
- pypi: https://files.pythonhosted.org/packages/13/a3/a812df4e2dd5696d1f351d58b8fe16a405b234ad2886a0dab9183fb78109/pycparser-2.22-py3-none-any.whl
  name: pycparser
  version: '2.22'
  sha256: c3702b6d3dd8c7abc1afa565d7e63d53a1d0bd86cdc24edd75470f4de499cfcc
  requires_python: '>=3.8'
- pypi: https://files.pythonhosted.org/packages/07/bc/587a445451b253b285629263eb51c2d8e9bcea4fc97826266d186f96f558/pyserial-3.5-py2.py3-none-any.whl
  name: pyserial
  version: '3.5'
  sha256: c4451db6ba391ca6ca299fb3ec7bae67a5c55dde170964c7a14ceefec02f2cf0
  requires_dist:
  - hidapi ; extra == 'cp2110'
- pypi: https://files.pythonhosted.org/packages/27/24/c820cf15f87f7b164e83710c1852d4f900d9793961579e5ef64189bc0c10/pyserial_asyncio-0.6-py3-none-any.whl
  name: pyserial-asyncio
  version: '0.6'
  sha256: de9337922619421b62b9b1a84048634b3ac520e1d690a674ed246a2af7ce1fc5
  requires_dist:
  - pyserial
- pypi: https://files.pythonhosted.org/packages/c4/70/12d628393704271cec08c04c6b81e67c0c4cf77a4cb339d6cfe55838bd84/pyserial_asyncio_fast-0.14-py3-none-any.whl
  name: pyserial-asyncio-fast
  version: '0.14'
  sha256: 38f355cafc03eed4eb4c0177b9c7d3ca5618bca7cd125f44a3131ff98d2843a6
  requires_dist:
  - pyserial
- conda: https://conda.anaconda.org/conda-forge/linux-aarch64/python-3.13.2-h525b0ce_101_cp313.conda
  build_number: 101
  sha256: e9b2e3e62d2a195651a324905b5ade736dbc3b2ccd0bcf59411c6610e9f328a1
  md5: 1ecd5f4741aceaff28ef5b35d5578906
  depends:
  - bzip2 >=1.0.8,<2.0a0
  - ld_impl_linux-aarch64 >=2.36.1
  - libexpat >=2.6.4,<3.0a0
  - libffi >=3.4,<4.0a0
  - libgcc >=13
  - liblzma >=5.6.4,<6.0a0
  - libmpdec >=4.0.0,<5.0a0
  - libsqlite >=3.48.0,<4.0a0
  - libuuid >=2.38.1,<3.0a0
  - libzlib >=1.3.1,<2.0a0
  - ncurses >=6.5,<7.0a0
  - openssl >=3.4.1,<4.0a0
  - python_abi 3.13.* *_cp313
  - readline >=8.2,<9.0a0
  - tk >=8.6.13,<8.7.0a0
  - tzdata
  arch: aarch64
  platform: linux
  license: Python-2.0
  purls: []
  size: 33556291
  timestamp: 1739800885279
  python_site_packages_path: lib/python3.13/site-packages
- conda: https://conda.anaconda.org/conda-forge/linux-aarch64/python_abi-3.13-5_cp313.conda
  build_number: 5
  sha256: 7f3ce809934a401ec8a91f66bd157a2f5b620d5bb5e02b53aa2453e8a6bf117e
  md5: 74a44e8cf3265491bd0e7da5e788b017
  constrains:
  - python 3.13.* *_cp313
  arch: aarch64
  platform: linux
  license: BSD-3-Clause
  license_family: BSD
  purls: []
  size: 6323
  timestamp: 1723823381420
- conda: https://conda.anaconda.org/conda-forge/linux-aarch64/readline-8.2-h8fc344f_1.conda
  sha256: 4c99f7417419734e3797d45bc355e61c26520e111893b0d7087a01a7fbfbe3dd
  md5: 105eb1e16bf83bfb2eb380a48032b655
  depends:
  - libgcc-ng >=12
  - ncurses >=6.3,<7.0a0
  arch: aarch64
  platform: linux
  license: GPL-3.0-only
  license_family: GPL
  purls: []
  size: 294092
  timestamp: 1679532238805
- pypi: https://files.pythonhosted.org/packages/c1/b1/3baf80dc6d2b7bc27a95a67752d0208e410351e3feb4eb78de5f77454d8d/referencing-0.36.2-py3-none-any.whl
  name: referencing
  version: 0.36.2
  sha256: e8699adbbf8b5c7de96d8ffa0eb5c158b3beafce084968e2ea8bb08c6794dcd0
  requires_dist:
  - attrs>=22.2.0
  - rpds-py>=0.7.0
  - typing-extensions>=4.4.0 ; python_full_version < '3.13'
  requires_python: '>=3.9'
- pypi: https://files.pythonhosted.org/packages/b0/bc/33779a1bb0ee32d8d706b173825aab75c628521d23ce72a7c1e6a6852f86/rpds_py-0.23.1-cp313-cp313-manylinux_2_17_aarch64.manylinux2014_aarch64.whl
  name: rpds-py
  version: 0.23.1
  sha256: c632419c3870507ca20a37c8f8f5352317aca097639e524ad129f58c125c61c6
  requires_python: '>=3.9'
- pypi: https://files.pythonhosted.org/packages/69/8a/b9dc7678803429e4a3bc9ba462fa3dd9066824d3c607490235c6a796be5a/setuptools-75.8.0-py3-none-any.whl
  name: setuptools
  version: 75.8.0
  sha256: e3982f444617239225d675215d51f6ba05f845d4eec313da4418fdbb56fb27e3
  requires_dist:
  - pytest>=6,!=8.1.* ; extra == 'test'
  - virtualenv>=13.0.0 ; extra == 'test'
  - wheel>=0.44.0 ; extra == 'test'
  - pip>=19.1 ; extra == 'test'
  - packaging>=24.2 ; extra == 'test'
  - jaraco-envs>=2.2 ; extra == 'test'
  - pytest-xdist>=3 ; extra == 'test'
  - jaraco-path>=3.7.2 ; extra == 'test'
  - build[virtualenv]>=1.0.3 ; extra == 'test'
  - filelock>=3.4.0 ; extra == 'test'
  - ini2toml[lite]>=0.14 ; extra == 'test'
  - tomli-w>=1.0.0 ; extra == 'test'
  - pytest-timeout ; extra == 'test'
  - pytest-perf ; sys_platform != 'cygwin' and extra == 'test'
  - jaraco-develop>=7.21 ; python_full_version >= '3.9' and sys_platform != 'cygwin' and extra == 'test'
  - pytest-home>=0.5 ; extra == 'test'
  - pytest-subprocess ; extra == 'test'
  - pyproject-hooks!=1.1 ; extra == 'test'
  - jaraco-test>=5.5 ; extra == 'test'
  - sphinx>=3.5 ; extra == 'doc'
  - jaraco-packaging>=9.3 ; extra == 'doc'
  - rst-linker>=1.9 ; extra == 'doc'
  - furo ; extra == 'doc'
  - sphinx-lint ; extra == 'doc'
  - jaraco-tidelift>=1.4 ; extra == 'doc'
  - pygments-github-lexers==0.0.5 ; extra == 'doc'
  - sphinx-favicon ; extra == 'doc'
  - sphinx-inline-tabs ; extra == 'doc'
  - sphinx-reredirects ; extra == 'doc'
  - sphinxcontrib-towncrier ; extra == 'doc'
  - sphinx-notfound-page>=1,<2 ; extra == 'doc'
  - pyproject-hooks!=1.1 ; extra == 'doc'
  - towncrier<24.7 ; extra == 'doc'
  - packaging>=24.2 ; extra == 'core'
  - more-itertools>=8.8 ; extra == 'core'
  - jaraco-text>=3.7 ; extra == 'core'
  - importlib-metadata>=6 ; python_full_version < '3.10' and extra == 'core'
  - tomli>=2.0.1 ; python_full_version < '3.11' and extra == 'core'
  - wheel>=0.43.0 ; extra == 'core'
  - platformdirs>=4.2.2 ; extra == 'core'
  - jaraco-collections ; extra == 'core'
  - jaraco-functools>=4 ; extra == 'core'
  - packaging ; extra == 'core'
  - more-itertools ; extra == 'core'
  - pytest-checkdocs>=2.4 ; extra == 'check'
  - pytest-ruff>=0.2.1 ; sys_platform != 'cygwin' and extra == 'check'
  - ruff>=0.8.0 ; sys_platform != 'cygwin' and extra == 'check'
  - pytest-cov ; extra == 'cover'
  - pytest-enabler>=2.2 ; extra == 'enabler'
  - pytest-mypy ; extra == 'type'
  - mypy==1.14.* ; extra == 'type'
  - importlib-metadata>=7.0.2 ; python_full_version < '3.10' and extra == 'type'
  - jaraco-develop>=7.21 ; sys_platform != 'cygwin' and extra == 'type'
  requires_python: '>=3.9'
- conda: https://conda.anaconda.org/conda-forge/linux-aarch64/tk-8.6.13-h194ca79_0.conda
  sha256: 7fa27cc512d3a783f38bd16bbbffc008807372499d5b65d089a8e43bde9db267
  md5: f75105e0585851f818e0009dd1dde4dc
  depends:
  - libgcc-ng >=12
  - libzlib >=1.2.13,<2.0.0a0
  arch: aarch64
  platform: linux
  license: TCL
  license_family: BSD
  purls: []
  size: 3351802
  timestamp: 1695506242997
- pypi: https://files.pythonhosted.org/packages/26/9f/ad63fc0248c5379346306f8668cda6e2e2e9c95e01216d2b8ffd9ff037d0/typing_extensions-4.12.2-py3-none-any.whl
  name: typing-extensions
  version: 4.12.2
  sha256: 04e5ca0351e0f3f85c6853954072df659d0d13fac324d0072316b67d7794700d
  requires_python: '>=3.8'
- conda: https://conda.anaconda.org/conda-forge/noarch/tzdata-2025a-h78e105d_0.conda
  sha256: c4b1ae8a2931fe9b274c44af29c5475a85b37693999f8c792dad0f8c6734b1de
  md5: dbcace4706afdfb7eb891f7b37d07c04
  license: LicenseRef-Public-Domain
  purls: []
  size: 122921
  timestamp: 1737119101255
- pypi: https://files.pythonhosted.org/packages/2f/2e/c21f1c24820992174e2646ed38ff43b543f34cec1e83ecb05e3e36bca592/universal_silabs_flasher-0.0.29-py3-none-any.whl
  name: universal-silabs-flasher
  version: 0.0.29
  sha256: 2b03bd1904efb8ab392757b42cb0fa704198edc38a73eea9045b043f00d30230
  requires_dist:
  - aiohttp
  - click>=8.0.0
  - zigpy>=0.70.0
  - crc
  - bellows>=0.42.0
  - gpiod ; sys_platform == 'linux'
  - coloredlogs
  - async-timeout ; python_full_version < '3.11'
  - typing-extensions
  - pyserial-asyncio-fast
  - pytest>=7.3.1 ; extra == 'testing'
  - pytest-asyncio>=0.21.0 ; extra == 'testing'
  - pytest-timeout>=2.1.0 ; extra == 'testing'
  - pytest-mock>=3.10.0 ; extra == 'testing'
  - pytest-cov>=4.1.0 ; extra == 'testing'
  - pytest-github-actions-annotate-failures ; extra == 'testing'
  requires_python: '>=3.9'
- pypi: https://files.pythonhosted.org/packages/db/a8/8f9cc6749331186e6a513bfe3745454f81d25f6e34c6024f88f80c71ed28/voluptuous-0.15.2-py3-none-any.whl
  name: voluptuous
  version: 0.15.2
  sha256: 016348bc7788a9af9520b1764ebd4de0df41fe2138ebe9e06fa036bf86a65566
  requires_python: '>=3.9'
- pypi: https://files.pythonhosted.org/packages/56/4e/d2563d8323a7e9a414b5b25341b3942af5902a2263d36d20fb17c40411e2/yarl-1.18.3-cp313-cp313-manylinux_2_17_aarch64.manylinux2014_aarch64.whl
  name: yarl
  version: 1.18.3
  sha256: 88a19f62ff30117e706ebc9090b8ecc79aeb77d0b1f5ec10d2d27a12bc9f66d0
  requires_dist:
  - idna>=2.0
  - multidict>=4.0
  - propcache>=0.2.0
  requires_python: '>=3.9'
- pypi: https://files.pythonhosted.org/packages/14/bf/b5b56b634f272107972cfc7bd024aac1a69ea2b326985b54584c48ecb3cd/zigpy-0.76.1-py3-none-any.whl
  name: zigpy
  version: 0.76.1
  sha256: 18cc3b7ac388a95b3f4f68b7417a4785a5fcba94ad17590470f45e5ab6809c86
  requires_dist:
  - attrs
  - aiohttp
  - aiosqlite>=0.20.0
  - crccheck
  - cryptography
  - async-timeout ; python_full_version < '3.11'
  - voluptuous
  - jsonschema
  - pyserial-asyncio ; sys_platform != 'win32'
  - pyserial-asyncio!=0.5 ; sys_platform == 'win32'
  - typing-extensions
  - frozendict
  - tomli ; extra == 'testing'
  - asynctest ; extra == 'testing'
  - coveralls ; extra == 'testing'
  - coverage[toml] ; extra == 'testing'
  - pytest ; extra == 'testing'
  - pytest-asyncio ; extra == 'testing'
  - pytest-cov ; extra == 'testing'
  - pytest-timeout ; extra == 'testing'
  - freezegun ; extra == 'testing'
  - pysqlite3-binary ; python_full_version < '3.12' and sys_platform == 'linux' and extra == 'testing'
  requires_python: '>=3.9'
